github.com/cespare/xxhash/v2 v2.2.0 h1:DC2mupMWZdlkqbSL74j428TQ+/VD30JUWB35dR64wyI=
github.com/cespare/xxhash/v2 v2.2.0/go.mod h1:VGX0DQ3Q6WwiwrbDfxg63x0xHG/00HiOvEDU4teONwc=
github.com/dgryski/go-rendezvous v0.0.0-20200823014737-9f7001d12a5f h1:lO4WD4F/rVNCu3HqELle0jiPLLBs70SZHB3xAGTNCoY=
github.com/dgryski/go-rendezvous v0.0.0-20200823014737-9f7001d12a5f/go.mod h1:cuUVRXasLTEXY7vEvAqsRnHPAndBmEDK64Y05qG4aJ8=
github.com/go-chi/chi/v5 v5.0.12 h1:aA4vmsTYwP3A4iKz3mqu5Gspc9vDOzYhP/v3e2S37k4=
github.com/go-chi/chi/v5 v5.0.12/go.mod h1:DslCQTMG5pmUpnW8rwkUkk87BbkDJn7Wz7i7V0t6d7Y=
github.com/go-chi/cors v1.2.1 h1:qg8s9g95vHTDC1LUP2NTfqV5sboqF4bOdfkdaVsl8nw=
github.com/go-chi/cors v1.2.1/go.mod h1:2q345K5v8z7yA8w5r8gP/5T4BwhdFh6H9P0gP7U9r4I=
github.com/google/uuid v1.6.0 h1:NIvaJDMOaus55VVA2C2Ue3AW63o8OOzL5VM/hIemmN0=
github.com/google/uuid v1.6.0/go.mod h1:TIyPZe4MgqvfeYmlfYIfPRVlpdGoORUtrUCJAxWwii4=
github.com/gorilla/websocket v1.5.1 h1:GMtDXqYIIHfYDCJwh1kx3ttsmGVU+OoTfNWz/TuIdPw=
github.com/gorilla/websocket v1.5.1/go.mod h1:ILrOpTt2E409RP3/P+b35ID44v788950A942n379f80=
github.com/jackc/pgpassfile v1.0.0 h1:rqa/U+9t0Qh53K1/NfE+jJk1wS2Y2j5e1B0F2S4Fq6g=
github.com/jackc/pgpassfile v1.0.0/go.mod h1:C0Pf50638290R+976077W4qFq8P24k2f/KjYQ/WfOqg=
github.com/jackc/pgservicefile v0.0.0-20221227161230-091c0ba34f0a h1:bbPeKD0xmSpNF2w05G4F50vHblpxOO48EH95cvDYQ3I=
github.com/jackc/pgservicefile v0.0.0-20221227161230-091c0ba34f0a/go.mod h1:5T+hvzgkM5aN5YkW3g25k75b4U8b1g1k6h5yYVqE5/I=
github.com/jackc/pgx/v5 v5.5.5 h1:0L70S8mE+K09bI9jCgmE4UaUuU2v9U54i5vK6f8K5aE=
github.com/jackc/pgx/v5 v5.5.5/go.mod h1:v8e93010b9l28e18s6P+582m9Bq2z/rT3hLwFf4H95A=
github.com/jackc/puddle/v2 v2.2.1 h1:nPB3qW9LgZf8e1H+yB7h64b+T6rB7bN0Q8m8L6gU8K0=
github.com/jackc/puddle/v2 v2.2.1/go.mod h1:u4P8n3q5o6i/b0fB2iRk328h95u7K0x+i4zY8hZ8k0I=
github.com/redis/go-redis/v9 v9.5.1 h1:0v0Jp1pD0mP1P0sF0d1sV0a+L4Y1B1q2e9Uv6X2P4qQ=
github.com/redis/go-redis/v9 v9.5.1/go.mod h1:dI1Yf3A3r9i4wVq9w9aK3U0b5m2iYh6f5uRk2qZ9k5k=
golang.org/x/crypto v0.21.0 h1:X31++rzVUdajXQgY6qnqqcw5YpHPOet2WbEA05BghDU=
golang.org/x/crypto v0.21.0/go.mod h1:0YpubDM0L00I+StSpv0DAhMpm8Z3Yxwb//jjdNYhRCM=
golang.org/x/net v0.21.0 h1:AQyMR4CEKgnd656628bSGL53+/UkgDO2hxDZFIB3ec8=
golang.org/x/net v0.21.0/go.mod h1:bIjAKnkdwUiZqnhvK643+Nm2MAlqjndKOY+JDAk74Bo=
golang.org/x/sync v0.6.0 h1:5KslGYwFpKhDYbLIzvRN+179eJJbqqChCU+vS08Zqb8=
golang.org/x/sync v0.6.0/go.mod h1:CFKd/N3pY8bYQ0T2VpM6tqf9S8h2d2rW5bH9Bw5tZ3g=
golang.org/x/text v0.14.0 h1:ScX5w1eTa3QqT8oi6+ziP7dTV1J2XYUewdWBY+LQ79A=
golang.org/x/text v0.14.0/go.mod h1:18zoBuClJJUSQgfeCsm3NMgSE1yWdX/jg44rN528m50=
